
Microsoft Visual Studio Solution File, Format Version 12.00
# Visual Studio Version 17
VisualStudioVersion = 17.7.34031.279
MinimumVisualStudioVersion = 10.0.40219.1
Project("{9A19103F-16F7-4668-BE54-9A1E7A4F7556}") = "CollectionKnowledgeProject", "CollectionKnowledgeProject\CollectionKnowledgeProject.csproj", "{BECE014A-9ED4-4287-A873-B742F83F187C}"
EndProject
Global
	GlobalSection(SolutionConfigurationPlatforms) = preSolution
		Debug|Any CPU = Debug|Any CPU
		Release|Any CPU = Release|Any CPU
	EndGlobalSection
	GlobalSection(ProjectConfigurationPlatforms) = postSolution
		{BECE014A-9ED4-4287-A873-B742F83F187C}.Debug|Any CPU.ActiveCfg = Debug|Any CPU
		{BECE014A-9ED4-4287-A873-B742F83F187C}.Debug|Any CPU.Build.0 = Debug|Any CPU
		{BECE014A-9ED4-4287-A873-B742F83F187C}.Release|Any CPU.ActiveCfg = Release|Any CPU
		{BECE014A-9ED4-4287-A873-B742F83F187C}.Release|Any CPU.Build.0 = Release|Any CPU
	EndGlobalSection
	GlobalSection(SolutionProperties) = preSolution
		HideSolutionNode = FALSE
	EndGlobalSection
	GlobalSection(ExtensibilityGlobals) = postSolution
		SolutionGuid = {6DDC10F0-8634-4B3F-BFCE-10FE16000852}
	EndGlobalSection
EndGlobal
